github.com/ucarion/sfv v0.1.0 h1:lkIPBdl7g8+CX2YzDipqYgzvqqURCfbcJPsYqt5GUS0=
github.com/ucarion/sfv v0.1.0/go.mod h1:xxupTcJV5G5JI2dCI0ytdXXI6BMRJrgx9bu5co7MtOc=
github.com/ucarion/sfv v0.1.1 h1:trgLQ1/VBuykHPFeCjipXJAmGYjJaUKeZu9rS5D/dyc=
github.com/ucarion/sfv v0.1.1/go.mod h1:xxupTcJV5G5JI2dCI0ytdXXI6BMRJrgx9bu5co7MtOc=
